
Microsoft Visual Studio Solution File, Format Version 12.00
# Visual Studio 2015
Project("{FAE04EC0-301F-11D3-BF4B-00C04F79EFBC}") = "StemGame.CSharp", "StemGame.CSharp.csproj", "{97E07ED1-A2F9-4600-0D53-880C1B506ADF}"
EndProject
Project("{FAE04EC0-301F-11D3-BF4B-00C04F79EFBC}") = "StemGame.CSharp.Editor", "StemGame.CSharp.Editor.csproj", "{D5F8E376-EB9A-DA05-68B3-63F96236EAFF}"
EndProject
Global
	GlobalSection(SolutionConfigurationPlatforms) = preSolution
		Debug|Any CPU = Debug|Any CPU
		Release|Any CPU = Release|Any CPU
	EndGlobalSection
	GlobalSection(ProjectConfigurationPlatforms) = postSolution
		{97E07ED1-A2F9-4600-0D53-880C1B506ADF}.Debug|Any CPU.ActiveCfg = Debug|Any CPU
		{97E07ED1-A2F9-4600-0D53-880C1B506ADF}.Debug|Any CPU.Build.0 = Debug|Any CPU
		{97E07ED1-A2F9-4600-0D53-880C1B506ADF}.Release|Any CPU.ActiveCfg = Release|Any CPU
		{97E07ED1-A2F9-4600-0D53-880C1B506ADF}.Release|Any CPU.Build.0 = Release|Any CPU
		{D5F8E376-EB9A-DA05-68B3-63F96236EAFF}.Debug|Any CPU.ActiveCfg = Debug|Any CPU
		{D5F8E376-EB9A-DA05-68B3-63F96236EAFF}.Debug|Any CPU.Build.0 = Debug|Any CPU
		{D5F8E376-EB9A-DA05-68B3-63F96236EAFF}.Release|Any CPU.ActiveCfg = Release|Any CPU
		{D5F8E376-EB9A-DA05-68B3-63F96236EAFF}.Release|Any CPU.Build.0 = Release|Any CPU
	EndGlobalSection
	GlobalSection(SolutionProperties) = preSolution
		HideSolutionNode = FALSE
	EndGlobalSection
EndGlobal
